<?xml version="1.0" encoding="UTF-8" standalone="yes" ?>
<CodeBlocks_project_file>
	<FileVersion major="1" minor="6" />
	<Project>
		<Option title="stack" />
		<Option pch_mode="2" />
		<Option compiler="gcc" />
		<Build>
			<Target title="Debug">
				<Option output="bin/Debug/stack" prefix_auto="1" extension_auto="1" />
				<Option object_output="obj/Debug/" />
				<Option type="1" />
				<Option compiler="gcc" />
				<Compiler>
					<Add option="-g" />
					<Add directory="include" />
				</Compiler>
				<Linker>
					<Add library="GLEW" />
					<Add library="SDL2" />
					<Add library="GL" />
				</Linker>
			</Target>
			<Target title="Release">
				<Option output="bin/Release/stack" prefix_auto="1" extension_auto="1" />
				<Option object_output="obj/Release/" />
				<Option type="1" />
				<Option compiler="gcc" />
				<Compiler>
					<Add option="-O2" />
					<Add directory="include" />
				</Compiler>
				<Linker>
					<Add option="-s" />
				</Linker>
			</Target>
		</Build>
		<Compiler>
			<Add option="-Wall" />
		</Compiler>
		<Unit filename="include/game.h" />
		<Unit filename="include/mesh.h" />
		<Unit filename="include/obj_loader.h" />
		<Unit filename="include/shader.h" />
		<Unit filename="include/vertex.h" />
		<Unit filename="include/window.h" />
		<Unit filename="main.cpp" />
		<Unit filename="src/game.cpp" />
		<Unit filename="src/mesh.cpp" />
		<Unit filename="src/obj_loader.cpp" />
		<Unit filename="src/shader.cpp" />
		<Unit filename="src/vertex.cpp" />
		<Unit filename="src/window.cpp" />
		<Extensions>
			<envvars />
			<code_completion />
			<lib_finder disable_auto="1" />
			<debugger />
		</Extensions>
	</Project>
</CodeBlocks_project_file>
